
Microsoft Visual Studio Solution File, Format Version 12.00
# Visual Studio Version 17
VisualStudioVersion = 17.8.34330.188
MinimumVisualStudioVersion = 10.0.40219.1
Project("{2150E333-8FDC-42A3-9474-1A3956D46DE8}") = "Solution Items", "Solution Items", "{64C768AD-AAE5-4EBF-959E-3E3E958DFEC5}"
	ProjectSection(SolutionItems) = preProject
		.gitignore = .gitignore
	EndProjectSection
EndProject
Project("{9A19103F-16F7-4668-BE54-9A1E7A4F7556}") = "AuthService", "AuthService\AuthService.csproj", "{E6DFA0A8-339C-4E5B-A1F6-42EBDD604C97}"
EndProject
Project("{9A19103F-16F7-4668-BE54-9A1E7A4F7556}") = "ApiGateway", "ApiGateway\ApiGateway.csproj", "{7E452CFF-4906-4EDF-86B6-8B4AAA04D750}"
EndProject
Project("{9A19103F-16F7-4668-BE54-9A1E7A4F7556}") = "RoomService", "RoomService\RoomService.csproj", "{001FD57A-9F2A-4F8E-84C5-58E1E24540BD}"
EndProject
Project("{9A19103F-16F7-4668-BE54-9A1E7A4F7556}") = "Shared.Domain", "Shared.Domain\Shared.Domain.csproj", "{E6566E85-FCEB-48B5-B89C-28C562B744C3}"
EndProject
Project("{9A19103F-16F7-4668-BE54-9A1E7A4F7556}") = "Shared.Infrastructure", "Shared.Infrastructure\Shared.Infrastructure.csproj", "{DA6CAEFA-4FF1-4B07-9D61-E98FD740DAFF}"
EndProject
Project("{9A19103F-16F7-4668-BE54-9A1E7A4F7556}") = "Shared.Protobuf", "Shared.Protobuf\Shared.Protobuf.csproj", "{B4C29415-604D-4529-9EA2-3B5DDBD362AF}"
EndProject
Project("{9A19103F-16F7-4668-BE54-9A1E7A4F7556}") = "ChatService", "ChatService\ChatService.csproj", "{8A3CA2D7-0F91-403C-A986-E149892DEEA3}"
EndProject
Project("{E53339B2-1760-4266-BCC7-CA923CBCF16C}") = "docker-compose", "docker-compose.dcproj", "{CC67F62C-9D8D-44F4-A4A1-9D85A0067C36}"
EndProject
Global
	GlobalSection(SolutionConfigurationPlatforms) = preSolution
		Debug|Any CPU = Debug|Any CPU
		Release|Any CPU = Release|Any CPU
	EndGlobalSection
	GlobalSection(ProjectConfigurationPlatforms) = postSolution
		{E6DFA0A8-339C-4E5B-A1F6-42EBDD604C97}.Debug|Any CPU.ActiveCfg = Debug|Any CPU
		{E6DFA0A8-339C-4E5B-A1F6-42EBDD604C97}.Debug|Any CPU.Build.0 = Debug|Any CPU
		{E6DFA0A8-339C-4E5B-A1F6-42EBDD604C97}.Release|Any CPU.ActiveCfg = Release|Any CPU
		{E6DFA0A8-339C-4E5B-A1F6-42EBDD604C97}.Release|Any CPU.Build.0 = Release|Any CPU
		{7E452CFF-4906-4EDF-86B6-8B4AAA04D750}.Debug|Any CPU.ActiveCfg = Debug|Any CPU
		{7E452CFF-4906-4EDF-86B6-8B4AAA04D750}.Debug|Any CPU.Build.0 = Debug|Any CPU
		{7E452CFF-4906-4EDF-86B6-8B4AAA04D750}.Release|Any CPU.ActiveCfg = Release|Any CPU
		{7E452CFF-4906-4EDF-86B6-8B4AAA04D750}.Release|Any CPU.Build.0 = Release|Any CPU
		{001FD57A-9F2A-4F8E-84C5-58E1E24540BD}.Debug|Any CPU.ActiveCfg = Debug|Any CPU
		{001FD57A-9F2A-4F8E-84C5-58E1E24540BD}.Debug|Any CPU.Build.0 = Debug|Any CPU
		{001FD57A-9F2A-4F8E-84C5-58E1E24540BD}.Release|Any CPU.ActiveCfg = Release|Any CPU
		{001FD57A-9F2A-4F8E-84C5-58E1E24540BD}.Release|Any CPU.Build.0 = Release|Any CPU
		{E6566E85-FCEB-48B5-B89C-28C562B744C3}.Debug|Any CPU.ActiveCfg = Debug|Any CPU
		{E6566E85-FCEB-48B5-B89C-28C562B744C3}.Debug|Any CPU.Build.0 = Debug|Any CPU
		{E6566E85-FCEB-48B5-B89C-28C562B744C3}.Release|Any CPU.ActiveCfg = Release|Any CPU
		{E6566E85-FCEB-48B5-B89C-28C562B744C3}.Release|Any CPU.Build.0 = Release|Any CPU
		{DA6CAEFA-4FF1-4B07-9D61-E98FD740DAFF}.Debug|Any CPU.ActiveCfg = Debug|Any CPU
		{DA6CAEFA-4FF1-4B07-9D61-E98FD740DAFF}.Debug|Any CPU.Build.0 = Debug|Any CPU
		{DA6CAEFA-4FF1-4B07-9D61-E98FD740DAFF}.Release|Any CPU.ActiveCfg = Release|Any CPU
		{DA6CAEFA-4FF1-4B07-9D61-E98FD740DAFF}.Release|Any CPU.Build.0 = Release|Any CPU
		{B4C29415-604D-4529-9EA2-3B5DDBD362AF}.Debug|Any CPU.ActiveCfg = Debug|Any CPU
		{B4C29415-604D-4529-9EA2-3B5DDBD362AF}.Debug|Any CPU.Build.0 = Debug|Any CPU
		{B4C29415-604D-4529-9EA2-3B5DDBD362AF}.Release|Any CPU.ActiveCfg = Release|Any CPU
		{B4C29415-604D-4529-9EA2-3B5DDBD362AF}.Release|Any CPU.Build.0 = Release|Any CPU
		{8A3CA2D7-0F91-403C-A986-E149892DEEA3}.Debug|Any CPU.ActiveCfg = Debug|Any CPU
		{8A3CA2D7-0F91-403C-A986-E149892DEEA3}.Debug|Any CPU.Build.0 = Debug|Any CPU
		{8A3CA2D7-0F91-403C-A986-E149892DEEA3}.Release|Any CPU.ActiveCfg = Release|Any CPU
		{8A3CA2D7-0F91-403C-A986-E149892DEEA3}.Release|Any CPU.Build.0 = Release|Any CPU
		{CC67F62C-9D8D-44F4-A4A1-9D85A0067C36}.Debug|Any CPU.ActiveCfg = Debug|Any CPU
		{CC67F62C-9D8D-44F4-A4A1-9D85A0067C36}.Debug|Any CPU.Build.0 = Debug|Any CPU
		{CC67F62C-9D8D-44F4-A4A1-9D85A0067C36}.Release|Any CPU.ActiveCfg = Release|Any CPU
		{CC67F62C-9D8D-44F4-A4A1-9D85A0067C36}.Release|Any CPU.Build.0 = Release|Any CPU
	EndGlobalSection
	GlobalSection(SolutionProperties) = preSolution
		HideSolutionNode = FALSE
	EndGlobalSection
	GlobalSection(ExtensibilityGlobals) = postSolution
		SolutionGuid = {776DB329-758A-4766-89FD-D408B43F2D83}
	EndGlobalSection
EndGlobal
